hash: 04c9db2f7bdefcae905a539effadefe7d3fe6f6a30ed6d53493079c40f957b81
updated: 2016-04-13T15:02:05.158274761+09:00
imports:
- name: github.com/hashicorp/hcl
  version: 2604f3bda7e8960c1be1063709e7d7f0765048d0
  subpackages:
  - hcl/ast
  - hcl/parser
  - hcl/token
  - json/parser
  - hcl/scanner
  - hcl/strconv
  - json/scanner
  - json/token
- name: go.googlesource.com/tools
  version: c3291436fa3bc9d4246ad2434b89496fd7c85089
  subpackages:
  - go/gcimporter15
- name: golang.org/x/tools
  version: 6361b5799a8e5f2ed8a234717d217fd289451c53
  subpackages:
  - go/gcimporter15
devImports: []
